
Microsoft Visual Studio Solution File, Format Version 12.00
Project("{FAE04EC0-301F-11D3-BF4B-00C04F79EFBC}") = "Test_technique", "Test_technique\Test_technique.csproj", "{35D31530-9AC2-4C8A-8E6D-9F40FE2D9DC7}"
EndProject
Global
	GlobalSection(SolutionConfigurationPlatforms) = preSolution
		Debug|Any CPU = Debug|Any CPU
		Release|Any CPU = Release|Any CPU
	EndGlobalSection
	GlobalSection(ProjectConfigurationPlatforms) = postSolution
		{35D31530-9AC2-4C8A-8E6D-9F40FE2D9DC7}.Debug|Any CPU.ActiveCfg = Debug|Any CPU
		{35D31530-9AC2-4C8A-8E6D-9F40FE2D9DC7}.Debug|Any CPU.Build.0 = Debug|Any CPU
		{35D31530-9AC2-4C8A-8E6D-9F40FE2D9DC7}.Release|Any CPU.ActiveCfg = Release|Any CPU
		{35D31530-9AC2-4C8A-8E6D-9F40FE2D9DC7}.Release|Any CPU.Build.0 = Release|Any CPU
	EndGlobalSection
EndGlobal
